
Microsoft Visual Studio Solution File, Format Version 12.00
# Visual Studio 15
VisualStudioVersion = 15.0.28307.645
MinimumVisualStudioVersion = 10.0.40219.1
Project("{9092AA53-FB77-4645-B42D-1CCCA6BD08BD}") = "Test_Chain", "Test_Chain\Test_Chain.njsproj", "{A17E1EF5-6FF2-486C-A2D1-36B03F385E7C}"
EndProject
Global
	GlobalSection(SolutionConfigurationPlatforms) = preSolution
		Debug|Any CPU = Debug|Any CPU
		Release|Any CPU = Release|Any CPU
	EndGlobalSection
	GlobalSection(ProjectConfigurationPlatforms) = postSolution
		{A17E1EF5-6FF2-486C-A2D1-36B03F385E7C}.Debug|Any CPU.ActiveCfg = Debug|Any CPU
		{A17E1EF5-6FF2-486C-A2D1-36B03F385E7C}.Debug|Any CPU.Build.0 = Debug|Any CPU
		{A17E1EF5-6FF2-486C-A2D1-36B03F385E7C}.Release|Any CPU.ActiveCfg = Release|Any CPU
		{A17E1EF5-6FF2-486C-A2D1-36B03F385E7C}.Release|Any CPU.Build.0 = Release|Any CPU
	EndGlobalSection
	GlobalSection(SolutionProperties) = preSolution
		HideSolutionNode = FALSE
	EndGlobalSection
	GlobalSection(ExtensibilityGlobals) = postSolution
		SolutionGuid = {37EDD40E-1350-48B0-B039-F95A484F98A4}
	EndGlobalSection
EndGlobal
